
Microsoft Visual Studio Solution File, Format Version 12.00
# Visual Studio Version 17
VisualStudioVersion = 17.8.34330.188
MinimumVisualStudioVersion = 10.0.40219.1
Project("{9A19103F-16F7-4668-BE54-9A1E7A4F7556}") = "HelsiTestTask.WebApi", "HelsiTestTask.WebApi\HelsiTestTask.WebApi.csproj", "{8147E7FC-92CC-4DEA-97E9-69E16B1E6EE5}"
EndProject
Project("{9A19103F-16F7-4668-BE54-9A1E7A4F7556}") = "HelsiTestTask.BL", "HelsiTestTask.BL\HelsiTestTask.BL.csproj", "{4A4BF140-A340-43A1-92C3-941565538189}"
EndProject
Project("{9A19103F-16F7-4668-BE54-9A1E7A4F7556}") = "HelsiTestTask.DAL", "HelsiTestTask.DAL\HelsiTestTask.DAL.csproj", "{DBE40A57-6908-4714-BF53-530B2F860E36}"
EndProject
Project("{9A19103F-16F7-4668-BE54-9A1E7A4F7556}") = "HelsiTestTask.Domain", "HelsiTestTask.Domain\HelsiTestTask.Domain.csproj", "{FDB17C82-560E-4EFF-8C82-68E1615BBA72}"
EndProject
Project("{FAE04EC0-301F-11D3-BF4B-00C04F79EFBC}") = "HelsiTestTasks.UnitTests", "HelsiTestTasks.UnitTests\HelsiTestTasks.UnitTests.csproj", "{45C68838-0D13-4F46-AEB4-7584687D5969}"
EndProject
Global
	GlobalSection(SolutionConfigurationPlatforms) = preSolution
		Debug|Any CPU = Debug|Any CPU
		Release|Any CPU = Release|Any CPU
	EndGlobalSection
	GlobalSection(ProjectConfigurationPlatforms) = postSolution
		{8147E7FC-92CC-4DEA-97E9-69E16B1E6EE5}.Debug|Any CPU.ActiveCfg = Debug|Any CPU
		{8147E7FC-92CC-4DEA-97E9-69E16B1E6EE5}.Debug|Any CPU.Build.0 = Debug|Any CPU
		{8147E7FC-92CC-4DEA-97E9-69E16B1E6EE5}.Release|Any CPU.ActiveCfg = Release|Any CPU
		{8147E7FC-92CC-4DEA-97E9-69E16B1E6EE5}.Release|Any CPU.Build.0 = Release|Any CPU
		{4A4BF140-A340-43A1-92C3-941565538189}.Debug|Any CPU.ActiveCfg = Debug|Any CPU
		{4A4BF140-A340-43A1-92C3-941565538189}.Debug|Any CPU.Build.0 = Debug|Any CPU
		{4A4BF140-A340-43A1-92C3-941565538189}.Release|Any CPU.ActiveCfg = Release|Any CPU
		{4A4BF140-A340-43A1-92C3-941565538189}.Release|Any CPU.Build.0 = Release|Any CPU
		{DBE40A57-6908-4714-BF53-530B2F860E36}.Debug|Any CPU.ActiveCfg = Debug|Any CPU
		{DBE40A57-6908-4714-BF53-530B2F860E36}.Debug|Any CPU.Build.0 = Debug|Any CPU
		{DBE40A57-6908-4714-BF53-530B2F860E36}.Release|Any CPU.ActiveCfg = Release|Any CPU
		{DBE40A57-6908-4714-BF53-530B2F860E36}.Release|Any CPU.Build.0 = Release|Any CPU
		{FDB17C82-560E-4EFF-8C82-68E1615BBA72}.Debug|Any CPU.ActiveCfg = Debug|Any CPU
		{FDB17C82-560E-4EFF-8C82-68E1615BBA72}.Debug|Any CPU.Build.0 = Debug|Any CPU
		{FDB17C82-560E-4EFF-8C82-68E1615BBA72}.Release|Any CPU.ActiveCfg = Release|Any CPU
		{FDB17C82-560E-4EFF-8C82-68E1615BBA72}.Release|Any CPU.Build.0 = Release|Any CPU
		{45C68838-0D13-4F46-AEB4-7584687D5969}.Debug|Any CPU.ActiveCfg = Debug|Any CPU
		{45C68838-0D13-4F46-AEB4-7584687D5969}.Debug|Any CPU.Build.0 = Debug|Any CPU
		{45C68838-0D13-4F46-AEB4-7584687D5969}.Release|Any CPU.ActiveCfg = Release|Any CPU
		{45C68838-0D13-4F46-AEB4-7584687D5969}.Release|Any CPU.Build.0 = Release|Any CPU
	EndGlobalSection
	GlobalSection(SolutionProperties) = preSolution
		HideSolutionNode = FALSE
	EndGlobalSection
	GlobalSection(ExtensibilityGlobals) = postSolution
		SolutionGuid = {12A79B28-DF1A-426B-9F2A-E89760AEC10E}
	EndGlobalSection
EndGlobal
